
Microsoft Visual Studio Solution File, Format Version 12.00
# Visual Studio Version 16
VisualStudioVersion = 16.0.32802.440
MinimumVisualStudioVersion = 10.0.40219.1
Project("{FAE04EC0-301F-11D3-BF4B-00C04F79EFBC}") = "Mediatek86", "Mediatek86\Mediatek86.csproj", "{39D36152-A21F-4942-8A74-21CF1E8605CF}"
EndProject
Global
	GlobalSection(SolutionConfigurationPlatforms) = preSolution
		Debug|Any CPU = Debug|Any CPU
		Release|Any CPU = Release|Any CPU
	EndGlobalSection
	GlobalSection(ProjectConfigurationPlatforms) = postSolution
		{39D36152-A21F-4942-8A74-21CF1E8605CF}.Debug|Any CPU.ActiveCfg = Debug|Any CPU
		{39D36152-A21F-4942-8A74-21CF1E8605CF}.Debug|Any CPU.Build.0 = Debug|Any CPU
		{39D36152-A21F-4942-8A74-21CF1E8605CF}.Release|Any CPU.ActiveCfg = Release|Any CPU
		{39D36152-A21F-4942-8A74-21CF1E8605CF}.Release|Any CPU.Build.0 = Release|Any CPU
	EndGlobalSection
	GlobalSection(SolutionProperties) = preSolution
		HideSolutionNode = FALSE
	EndGlobalSection
	GlobalSection(ExtensibilityGlobals) = postSolution
		SolutionGuid = {FFE99725-5AA0-4011-8EC2-9056B231C3F9}
	EndGlobalSection
EndGlobal
